// !$*UTF8*$!
{
	archiveVersion = 1;
	classes = {
	};
	objectVersion = 50;
	objects = {

/* Begin PBXBuildFile section */
		3E14A8F8D478254B2719FA4A /* Pods_brewrecTests.framework in Frameworks */ = {isa = PBXBuildFile; fileRef = 37355180C3359384052DB0BB /* Pods_brewrecTests.framework */; };
		6617951E2234500900771F4F /* ReadMenu.storyboard in Resources */ = {isa = PBXBuildFile; fileRef = 6617951D2234500900771F4F /* ReadMenu.storyboard */; };
		661795202234505C00771F4F /* ReadMenuViewController.swift in Sources */ = {isa = PBXBuildFile; fileRef = 6617951F2234505C00771F4F /* ReadMenuViewController.swift */; };
		66179525223454C500771F4F /* UIImage+TFLite.swift in Sources */ = {isa = PBXBuildFile; fileRef = 66179524223454C500771F4F /* UIImage+TFLite.swift */; };
		661795272234558400771F4F /* UIUtilities.swift in Sources */ = {isa = PBXBuildFile; fileRef = 661795262234558400771F4F /* UIUtilities.swift */; };
		667C888422344D1F000AF082 /* AppDelegate.swift in Sources */ = {isa = PBXBuildFile; fileRef = 667C888322344D1F000AF082 /* AppDelegate.swift */; };
		667C888B22344D21000AF082 /* Assets.xcassets in Resources */ = {isa = PBXBuildFile; fileRef = 667C888A22344D21000AF082 /* Assets.xcassets */; };
		667C888E22344D21000AF082 /* LaunchScreen.storyboard in Resources */ = {isa = PBXBuildFile; fileRef = 667C888C22344D21000AF082 /* LaunchScreen.storyboard */; };
		667C889922344D21000AF082 /* brewrecTests.swift in Sources */ = {isa = PBXBuildFile; fileRef = 667C889822344D21000AF082 /* brewrecTests.swift */; };
		667C88A422344D21000AF082 /* brewrecUITests.swift in Sources */ = {isa = PBXBuildFile; fileRef = 667C88A322344D21000AF082 /* brewrecUITests.swift */; };
		66A9CFE42234B0A4006722A4 /* GoogleService-Info.plist in Resources */ = {isa = PBXBuildFile; fileRef = 66A9CFE32234B0A4006722A4 /* GoogleService-Info.plist */; };
		68CAD01135081060F18AC689 /* Pods_brewrecUITests.framework in Frameworks */ = {isa = PBXBuildFile; fileRef = 1646102CCF4486FF06D8221F /* Pods_brewrecUITests.framework */; };
		B6FB25E866CFBF6541DF455D /* Pods_brewrec.framework in Frameworks */ = {isa = PBXBuildFile; fileRef = BBF535E9AE782EE47AC54399 /* Pods_brewrec.framework */; };
/* End PBXBuildFile section */

/* Begin PBXContainerItemProxy section */
		667C889522344D21000AF082 /* PBXContainerItemProxy */ = {
			isa = PBXContainerItemProxy;
			containerPortal = 667C887822344D1F000AF082 /* Project object */;
			proxyType = 1;
			remoteGlobalIDString = 667C887F22344D1F000AF082;
			remoteInfo = brewrec;
		};
		667C88A022344D21000AF082 /* PBXContainerItemProxy */ = {
			isa = PBXContainerItemProxy;
			containerPortal = 667C887822344D1F000AF082 /* Project object */;
			proxyType = 1;
			remoteGlobalIDString = 667C887F22344D1F000AF082;
			remoteInfo = brewrec;
		};
/* End PBXContainerItemProxy section */

/* Begin PBXFileReference section */
		1646102CCF4486FF06D8221F /* Pods_brewrecUITests.framework */ = {isa = PBXFileReference; explicitFileType = wrapper.framework; includeInIndex = 0; path = Pods_brewrecUITests.framework; sourceTree = BUILT_PRODUCTS_DIR; };
		2E9251585F77F7BE783CB92F /* Pods-brewrec.debug.xcconfig */ = {isa = PBXFileReference; includeInIndex = 1; lastKnownFileType = text.xcconfig; name = "Pods-brewrec.debug.xcconfig"; path = "Pods/Target Support Files/Pods-brewrec/Pods-brewrec.debug.xcconfig"; sourceTree = "<group>"; };
		36E8EDD502F1445214288793 /* Pods-brewrec.release.xcconfig */ = {isa = PBXFileReference; includeInIndex = 1; lastKnownFileType = text.xcconfig; name = "Pods-brewrec.release.xcconfig"; path = "Pods/Target Support Files/Pods-brewrec/Pods-brewrec.release.xcconfig"; sourceTree = "<group>"; };
		37355180C3359384052DB0BB /* Pods_brewrecTests.framework */ = {isa = PBXFileReference; explicitFileType = wrapper.framework; includeInIndex = 0; path = Pods_brewrecTests.framework; sourceTree = BUILT_PRODUCTS_DIR; };
		5105D13AB6719958C437C987 /* Pods-brewrecTests.release.xcconfig */ = {isa = PBXFileReference; includeInIndex = 1; lastKnownFileType = text.xcconfig; name = "Pods-brewrecTests.release.xcconfig"; path = "Pods/Target Support Files/Pods-brewrecTests/Pods-brewrecTests.release.xcconfig"; sourceTree = "<group>"; };
		6617951D2234500900771F4F /* ReadMenu.storyboard */ = {isa = PBXFileReference; lastKnownFileType = file.storyboard; path = ReadMenu.storyboard; sourceTree = "<group>"; };
		6617951F2234505C00771F4F /* ReadMenuViewController.swift */ = {isa = PBXFileReference; lastKnownFileType = sourcecode.swift; path = ReadMenuViewController.swift; sourceTree = "<group>"; };
		66179524223454C500771F4F /* UIImage+TFLite.swift */ = {isa = PBXFileReference; lastKnownFileType = sourcecode.swift; path = "UIImage+TFLite.swift"; sourceTree = "<group>"; };
		661795262234558400771F4F /* UIUtilities.swift */ = {isa = PBXFileReference; lastKnownFileType = sourcecode.swift; path = UIUtilities.swift; sourceTree = "<group>"; };
		667C888022344D1F000AF082 /* brewrec.app */ = {isa = PBXFileReference; explicitFileType = wrapper.application; includeInIndex = 0; path = brewrec.app; sourceTree = BUILT_PRODUCTS_DIR; };
		667C888322344D1F000AF082 /* AppDelegate.swift */ = {isa = PBXFileReference; lastKnownFileType = sourcecode.swift; path = AppDelegate.swift; sourceTree = "<group>"; };
		667C888A22344D21000AF082 /* Assets.xcassets */ = {isa = PBXFileReference; lastKnownFileType = folder.assetcatalog; path = Assets.xcassets; sourceTree = "<group>"; };
		667C888D22344D21000AF082 /* Base */ = {isa = PBXFileReference; lastKnownFileType = file.storyboard; name = Base; path = Base.lproj/LaunchScreen.storyboard; sourceTree = "<group>"; };
		667C888F22344D21000AF082 /* Info.plist */ = {isa = PBXFileReference; lastKnownFileType = text.plist.xml; path = Info.plist; sourceTree = "<group>"; };
		667C889422344D21000AF082 /* brewrecTests.xctest */ = {isa = PBXFileReference; explicitFileType = wrapper.cfbundle; includeInIndex = 0; path = brewrecTests.xctest; sourceTree = BUILT_PRODUCTS_DIR; };
		667C889822344D21000AF082 /* brewrecTests.swift */ = {isa = PBXFileReference; lastKnownFileType = sourcecode.swift; path = brewrecTests.swift; sourceTree = "<group>"; };
		667C889A22344D21000AF082 /* Info.plist */ = {isa = PBXFileReference; lastKnownFileType = text.plist.xml; path = Info.plist; sourceTree = "<group>"; };
		667C889F22344D21000AF082 /* brewrecUITests.xctest */ = {isa = PBXFileReference; explicitFileType = wrapper.cfbundle; includeInIndex = 0; path = brewrecUITests.xctest; sourceTree = BUILT_PRODUCTS_DIR; };
		667C88A322344D21000AF082 /* brewrecUITests.swift */ = {isa = PBXFileReference; lastKnownFileType = sourcecode.swift; path = brewrecUITests.swift; sourceTree = "<group>"; };
		667C88A522344D21000AF082 /* Info.plist */ = {isa = PBXFileReference; lastKnownFileType = text.plist.xml; path = Info.plist; sourceTree = "<group>"; };
		66A9CFE32234B0A4006722A4 /* GoogleService-Info.plist */ = {isa = PBXFileReference; fileEncoding = 4; lastKnownFileType = text.plist.xml; path = "GoogleService-Info.plist"; sourceTree = "<group>"; };
		91AAB66786E131E4F0158DF2 /* Pods-brewrecUITests.debug.xcconfig */ = {isa = PBXFileReference; includeInIndex = 1; lastKnownFileType = text.xcconfig; name = "Pods-brewrecUITests.debug.xcconfig"; path = "Pods/Target Support Files/Pods-brewrecUITests/Pods-brewrecUITests.debug.xcconfig"; sourceTree = "<group>"; };
		B17BF87160881E9B5F41CE2B /* Pods-brewrecUITests.release.xcconfig */ = {isa = PBXFileReference; includeInIndex = 1; lastKnownFileType = text.xcconfig; name = "Pods-brewrecUITests.release.xcconfig"; path = "Pods/Target Support Files/Pods-brewrecUITests/Pods-brewrecUITests.release.xcconfig"; sourceTree = "<group>"; };
		BBF535E9AE782EE47AC54399 /* Pods_brewrec.framework */ = {isa = PBXFileReference; explicitFileType = wrapper.framework; includeInIndex = 0; path = Pods_brewrec.framework; sourceTree = BUILT_PRODUCTS_DIR; };
		E0D7B12AA3099B7DE54B782A /* Pods-brewrecTests.debug.xcconfig */ = {isa = PBXFileReference; includeInIndex = 1; lastKnownFileType = text.xcconfig; name = "Pods-brewrecTests.debug.xcconfig"; path = "Pods/Target Support Files/Pods-brewrecTests/Pods-brewrecTests.debug.xcconfig"; sourceTree = "<group>"; };
/* End PBXFileReference section */

/* Begin PBXFrameworksBuildPhase section */
		667C887D22344D1F000AF082 /* Frameworks */ = {
			isa = PBXFrameworksBuildPhase;
			buildActionMask = 2147483647;
			files = (
				B6FB25E866CFBF6541DF455D /* Pods_brewrec.framework in Frameworks */,
			);
			runOnlyForDeploymentPostprocessing = 0;
		};
		667C889122344D21000AF082 /* Frameworks */ = {
			isa = PBXFrameworksBuildPhase;
			buildActionMask = 2147483647;
			files = (
				3E14A8F8D478254B2719FA4A /* Pods_brewrecTests.framework in Frameworks */,
			);
			runOnlyForDeploymentPostprocessing = 0;
		};
		667C889C22344D21000AF082 /* Frameworks */ = {
			isa = PBXFrameworksBuildPhase;
			buildActionMask = 2147483647;
			files = (
				68CAD01135081060F18AC689 /* Pods_brewrecUITests.framework in Frameworks */,
			);
			runOnlyForDeploymentPostprocessing = 0;
		};
/* End PBXFrameworksBuildPhase section */

/* Begin PBXGroup section */
		3EACF118F447403E1AC56766 /* Frameworks */ = {
			isa = PBXGroup;
			children = (
				BBF535E9AE782EE47AC54399 /* Pods_brewrec.framework */,
				37355180C3359384052DB0BB /* Pods_brewrecTests.framework */,
				1646102CCF4486FF06D8221F /* Pods_brewrecUITests.framework */,
			);
			name = Frameworks;
			sourceTree = "<group>";
		};
		66179521223450B700771F4F /* ReadMenu */ = {
			isa = PBXGroup;
			children = (
				66179522223450BF00771F4F /* viewControllers */,
				6617951D2234500900771F4F /* ReadMenu.storyboard */,
			);
			path = ReadMenu;
			sourceTree = "<group>";
		};
		66179522223450BF00771F4F /* viewControllers */ = {
			isa = PBXGroup;
			children = (
				6617951F2234505C00771F4F /* ReadMenuViewController.swift */,
			);
			path = viewControllers;
			sourceTree = "<group>";
		};
		66179523223450D000771F4F /* Resources */ = {
			isa = PBXGroup;
			children = (
				667C888A22344D21000AF082 /* Assets.xcassets */,
			);
			path = Resources;
			sourceTree = "<group>";
		};
		667C887722344D1F000AF082 = {
			isa = PBXGroup;
			children = (
				667C888222344D1F000AF082 /* brewrec */,
				667C889722344D21000AF082 /* brewrecTests */,
				667C88A222344D21000AF082 /* brewrecUITests */,
				667C888122344D1F000AF082 /* Products */,
				DFD378517F62D7D16B95A8DC /* Pods */,
				3EACF118F447403E1AC56766 /* Frameworks */,
			);
			sourceTree = "<group>";
		};
		667C888122344D1F000AF082 /* Products */ = {
			isa = PBXGroup;
			children = (
				667C888022344D1F000AF082 /* brewrec.app */,
				667C889422344D21000AF082 /* brewrecTests.xctest */,
				667C889F22344D21000AF082 /* brewrecUITests.xctest */,
			);
			name = Products;
			sourceTree = "<group>";
		};
		667C888222344D1F000AF082 /* brewrec */ = {
			isa = PBXGroup;
			children = (
				6695DCC024D3AC7B00454198 /* App */,
				6695DCBE24D3AC4400454198 /* Utils */,
				6695DCBF24D3AC7000454198 /* Config */,
				66179521223450B700771F4F /* ReadMenu */,
				66179523223450D000771F4F /* Resources */,
			);
			path = brewrec;
			sourceTree = "<group>";
		};
		667C889722344D21000AF082 /* brewrecTests */ = {
			isa = PBXGroup;
			children = (
				667C889822344D21000AF082 /* brewrecTests.swift */,
				667C889A22344D21000AF082 /* Info.plist */,
			);
			path = brewrecTests;
			sourceTree = "<group>";
		};
		667C88A222344D21000AF082 /* brewrecUITests */ = {
			isa = PBXGroup;
			children = (
				667C88A322344D21000AF082 /* brewrecUITests.swift */,
				667C88A522344D21000AF082 /* Info.plist */,
			);
			path = brewrecUITests;
			sourceTree = "<group>";
		};
		6695DCBE24D3AC4400454198 /* Utils */ = {
			isa = PBXGroup;
			children = (
				66179524223454C500771F4F /* UIImage+TFLite.swift */,
				661795262234558400771F4F /* UIUtilities.swift */,
			);
			path = Utils;
			sourceTree = "<group>";
		};
		6695DCBF24D3AC7000454198 /* Config */ = {
			isa = PBXGroup;
			children = (
				66A9CFE32234B0A4006722A4 /* GoogleService-Info.plist */,
				667C888F22344D21000AF082 /* Info.plist */,
			);
			path = Config;
			sourceTree = "<group>";
		};
		6695DCC024D3AC7B00454198 /* App */ = {
			isa = PBXGroup;
			children = (
				667C888322344D1F000AF082 /* AppDelegate.swift */,
				667C888C22344D21000AF082 /* LaunchScreen.storyboard */,
			);
			path = App;
			sourceTree = "<group>";
		};
		DFD378517F62D7D16B95A8DC /* Pods */ = {
			isa = PBXGroup;
			children = (
				2E9251585F77F7BE783CB92F /* Pods-brewrec.debug.xcconfig */,
				36E8EDD502F1445214288793 /* Pods-brewrec.release.xcconfig */,
				E0D7B12AA3099B7DE54B782A /* Pods-brewrecTests.debug.xcconfig */,
				5105D13AB6719958C437C987 /* Pods-brewrecTests.release.xcconfig */,
				91AAB66786E131E4F0158DF2 /* Pods-brewrecUITests.debug.xcconfig */,
				B17BF87160881E9B5F41CE2B /* Pods-brewrecUITests.release.xcconfig */,
			);
			name = Pods;
			sourceTree = "<group>";
		};
/* End PBXGroup section */

/* Begin PBXNativeTarget section */
		667C887F22344D1F000AF082 /* brewrec */ = {
			isa = PBXNativeTarget;
			buildConfigurationList = 667C88A822344D21000AF082 /* Build configuration list for PBXNativeTarget "brewrec" */;
			buildPhases = (
				8BE935FFDCB0930EBDA48A3C /* [CP] Check Pods Manifest.lock */,
				667C887C22344D1F000AF082 /* Sources */,
				667C887D22344D1F000AF082 /* Frameworks */,
				667C887E22344D1F000AF082 /* Resources */,
				37C34FF15B2D09B9D9A50D6A /* [CP] Embed Pods Frameworks */,
				5F1AF7783BA4CDCE23E0E280 /* [CP] Copy Pods Resources */,
			);
			buildRules = (
			);
			dependencies = (
			);
			name = brewrec;
			productName = brewrec;
			productReference = 667C888022344D1F000AF082 /* brewrec.app */;
			productType = "com.apple.product-type.application";
		};
		667C889322344D21000AF082 /* brewrecTests */ = {
			isa = PBXNativeTarget;
			buildConfigurationList = 667C88AB22344D21000AF082 /* Build configuration list for PBXNativeTarget "brewrecTests" */;
			buildPhases = (
				AE4A1585D07B836C3C9037DE /* [CP] Check Pods Manifest.lock */,
				667C889022344D21000AF082 /* Sources */,
				667C889122344D21000AF082 /* Frameworks */,
				667C889222344D21000AF082 /* Resources */,
			);
			buildRules = (
			);
			dependencies = (
				667C889622344D21000AF082 /* PBXTargetDependency */,
			);
			name = brewrecTests;
			productName = brewrecTests;
			productReference = 667C889422344D21000AF082 /* brewrecTests.xctest */;
			productType = "com.apple.product-type.bundle.unit-test";
		};
		667C889E22344D21000AF082 /* brewrecUITests */ = {
			isa = PBXNativeTarget;
			buildConfigurationList = 667C88AE22344D21000AF082 /* Build configuration list for PBXNativeTarget "brewrecUITests" */;
			buildPhases = (
				297C7E8DE8E728DCD4630F50 /* [CP] Check Pods Manifest.lock */,
				667C889B22344D21000AF082 /* Sources */,
				667C889C22344D21000AF082 /* Frameworks */,
				667C889D22344D21000AF082 /* Resources */,
			);
			buildRules = (
			);
			dependencies = (
				667C88A122344D21000AF082 /* PBXTargetDependency */,
			);
			name = brewrecUITests;
			productName = brewrecUITests;
			productReference = 667C889F22344D21000AF082 /* brewrecUITests.xctest */;
			productType = "com.apple.product-type.bundle.ui-testing";
		};
/* End PBXNativeTarget section */

/* Begin PBXProject section */
		667C887822344D1F000AF082 /* Project object */ = {
			isa = PBXProject;
			attributes = {
				LastSwiftUpdateCheck = 1000;
				LastUpgradeCheck = 1000;
				ORGANIZATIONNAME = danielm;
				TargetAttributes = {
					667C887F22344D1F000AF082 = {
						CreatedOnToolsVersion = 10.0;
					};
					667C889322344D21000AF082 = {
						CreatedOnToolsVersion = 10.0;
						TestTargetID = 667C887F22344D1F000AF082;
					};
					667C889E22344D21000AF082 = {
						CreatedOnToolsVersion = 10.0;
						TestTargetID = 667C887F22344D1F000AF082;
					};
				};
			};
			buildConfigurationList = 667C887B22344D1F000AF082 /* Build configuration list for PBXProject "brewrec" */;
			compatibilityVersion = "Xcode 9.3";
			developmentRegion = en;
			hasScannedForEncodings = 0;
			knownRegions = (
				en,
				Base,
			);
			mainGroup = 667C887722344D1F000AF082;
			productRefGroup = 667C888122344D1F000AF082 /* Products */;
			projectDirPath = "";
			projectRoot = "";
			targets = (
				667C887F22344D1F000AF082 /* brewrec */,
				667C889322344D21000AF082 /* brewrecTests */,
				667C889E22344D21000AF082 /* brewrecUITests */,
			);
		};
/* End PBXProject section */

/* Begin PBXResourcesBuildPhase section */
		667C887E22344D1F000AF082 /* Resources */ = {
			isa = PBXResourcesBuildPhase;
			buildActionMask = 2147483647;
			files = (
				667C888E22344D21000AF082 /* LaunchScreen.storyboard in Resources */,
				667C888B22344D21000AF082 /* Assets.xcassets in Resources */,
				66A9CFE42234B0A4006722A4 /* GoogleService-Info.plist in Resources */,
				6617951E2234500900771F4F /* ReadMenu.storyboard in Resources */,
			);
			runOnlyForDeploymentPostprocessing = 0;
		};
		667C889222344D21000AF082 /* Resources */ = {
			isa = PBXResourcesBuildPhase;
			buildActionMask = 2147483647;
			files = (
			);
			runOnlyForDeploymentPostprocessing = 0;
		};
		667C889D22344D21000AF082 /* Resources */ = {
			isa = PBXResourcesBuildPhase;
			buildActionMask = 2147483647;
			files = (
			);
			runOnlyForDeploymentPostprocessing = 0;
		};
/* End PBXResourcesBuildPhase section */

/* Begin PBXShellScriptBuildPhase section */
		297C7E8DE8E728DCD4630F50 /* [CP] Check Pods Manifest.lock */ = {
			isa = PBXShellScriptBuildPhase;
			buildActionMask = 2147483647;
			files = (
			);
			inputPaths = (
				"${PODS_PODFILE_DIR_PATH}/Podfile.lock",
				"${PODS_ROOT}/Manifest.lock",
			);
			name = "[CP] Check Pods Manifest.lock";
			outputPaths = (
				"$(DERIVED_FILE_DIR)/Pods-brewrecUITests-checkManifestLockResult.txt",
			);
			runOnlyForDeploymentPostprocessing = 0;
			shellPath = /bin/sh;
			shellScript = "diff \"${PODS_PODFILE_DIR_PATH}/Podfile.lock\" \"${PODS_ROOT}/Manifest.lock\" > /dev/null\nif [ $? != 0 ] ; then\n    # print error to STDERR\n    echo \"error: The sandbox is not in sync with the Podfile.lock. Run 'pod install' or update your CocoaPods installation.\" >&2\n    exit 1\nfi\n# This output is used by Xcode 'outputs' to avoid re-running this script phase.\necho \"SUCCESS\" > \"${SCRIPT_OUTPUT_FILE_0}\"\n";
			showEnvVarsInLog = 0;
		};
		37C34FF15B2D09B9D9A50D6A /* [CP] Embed Pods Frameworks */ = {
			isa = PBXShellScriptBuildPhase;
			buildActionMask = 2147483647;
			files = (
			);
			inputFileListPaths = (
				"${PODS_ROOT}/Target Support Files/Pods-brewrec/Pods-brewrec-frameworks-${CONFIGURATION}-input-files.xcfilelist",
			);
			name = "[CP] Embed Pods Frameworks";
			outputFileListPaths = (
				"${PODS_ROOT}/Target Support Files/Pods-brewrec/Pods-brewrec-frameworks-${CONFIGURATION}-output-files.xcfilelist",
			);
			runOnlyForDeploymentPostprocessing = 0;
			shellPath = /bin/sh;
			shellScript = "\"${PODS_ROOT}/Target Support Files/Pods-brewrec/Pods-brewrec-frameworks.sh\"\n";
			showEnvVarsInLog = 0;
		};
		5F1AF7783BA4CDCE23E0E280 /* [CP] Copy Pods Resources */ = {
			isa = PBXShellScriptBuildPhase;
			buildActionMask = 2147483647;
			files = (
			);
			inputFileListPaths = (
				"${PODS_ROOT}/Target Support Files/Pods-brewrec/Pods-brewrec-resources-${CONFIGURATION}-input-files.xcfilelist",
			);
			name = "[CP] Copy Pods Resources";
			outputFileListPaths = (
				"${PODS_ROOT}/Target Support Files/Pods-brewrec/Pods-brewrec-resources-${CONFIGURATION}-output-files.xcfilelist",
			);
			runOnlyForDeploymentPostprocessing = 0;
			shellPath = /bin/sh;
			shellScript = "\"${PODS_ROOT}/Target Support Files/Pods-brewrec/Pods-brewrec-resources.sh\"\n";
			showEnvVarsInLog = 0;
		};
		8BE935FFDCB0930EBDA48A3C /* [CP] Check Pods Manifest.lock */ = {
			isa = PBXShellScriptBuildPhase;
			buildActionMask = 2147483647;
			files = (
			);
			inputPaths = (
				"${PODS_PODFILE_DIR_PATH}/Podfile.lock",
				"${PODS_ROOT}/Manifest.lock",
			);
			name = "[CP] Check Pods Manifest.lock";
			outputPaths = (
				"$(DERIVED_FILE_DIR)/Pods-brewrec-checkManifestLockResult.txt",
			);
			runOnlyForDeploymentPostprocessing = 0;
			shellPath = /bin/sh;
			shellScript = "diff \"${PODS_PODFILE_DIR_PATH}/Podfile.lock\" \"${PODS_ROOT}/Manifest.lock\" > /dev/null\nif [ $? != 0 ] ; then\n    # print error to STDERR\n    echo \"error: The sandbox is not in sync with the Podfile.lock. Run 'pod install' or update your CocoaPods installation.\" >&2\n    exit 1\nfi\n# This output is used by Xcode 'outputs' to avoid re-running this script phase.\necho \"SUCCESS\" > \"${SCRIPT_OUTPUT_FILE_0}\"\n";
			showEnvVarsInLog = 0;
		};
		AE4A1585D07B836C3C9037DE /* [CP] Check Pods Manifest.lock */ = {
			isa = PBXShellScriptBuildPhase;
			buildActionMask = 2147483647;
			files = (
			);
			inputPaths = (
				"${PODS_PODFILE_DIR_PATH}/Podfile.lock",
				"${PODS_ROOT}/Manifest.lock",
			);
			name = "[CP] Check Pods Manifest.lock";
			outputPaths = (
				"$(DERIVED_FILE_DIR)/Pods-brewrecTests-checkManifestLockResult.txt",
			);
			runOnlyForDeploymentPostprocessing = 0;
			shellPath = /bin/sh;
			shellScript = "diff \"${PODS_PODFILE_DIR_PATH}/Podfile.lock\" \"${PODS_ROOT}/Manifest.lock\" > /dev/null\nif [ $? != 0 ] ; then\n    # print error to STDERR\n    echo \"error: The sandbox is not in sync with the Podfile.lock. Run 'pod install' or update your CocoaPods installation.\" >&2\n    exit 1\nfi\n# This output is used by Xcode 'outputs' to avoid re-running this script phase.\necho \"SUCCESS\" > \"${SCRIPT_OUTPUT_FILE_0}\"\n";
			showEnvVarsInLog = 0;
		};
/* End PBXShellScriptBuildPhase section */

/* Begin PBXSourcesBuildPhase section */
		667C887C22344D1F000AF082 /* Sources */ = {
			isa = PBXSourcesBuildPhase;
			buildActionMask = 2147483647;
			files = (
				661795202234505C00771F4F /* ReadMenuViewController.swift in Sources */,
				66179525223454C500771F4F /* UIImage+TFLite.swift in Sources */,
				661795272234558400771F4F /* UIUtilities.swift in Sources */,
				667C888422344D1F000AF082 /* AppDelegate.swift in Sources */,
			);
			runOnlyForDeploymentPostprocessing = 0;
		};
		667C889022344D21000AF082 /* Sources */ = {
			isa = PBXSourcesBuildPhase;
			buildActionMask = 2147483647;
			files = (
				667C889922344D21000AF082 /* brewrecTests.swift in Sources */,
			);
			runOnlyForDeploymentPostprocessing = 0;
		};
		667C889B22344D21000AF082 /* Sources */ = {
			isa = PBXSourcesBuildPhase;
			buildActionMask = 2147483647;
			files = (
				667C88A422344D21000AF082 /* brewrecUITests.swift in Sources */,
			);
			runOnlyForDeploymentPostprocessing = 0;
		};
/* End PBXSourcesBuildPhase section */

/* Begin PBXTargetDependency section */
		667C889622344D21000AF082 /* PBXTargetDependency */ = {
			isa = PBXTargetDependency;
			target = 667C887F22344D1F000AF082 /* brewrec */;
			targetProxy = 667C889522344D21000AF082 /* PBXContainerItemProxy */;
		};
		667C88A122344D21000AF082 /* PBXTargetDependency */ = {
			isa = PBXTargetDependency;
			target = 667C887F22344D1F000AF082 /* brewrec */;
			targetProxy = 667C88A022344D21000AF082 /* PBXContainerItemProxy */;
		};
/* End PBXTargetDependency section */

/* Begin PBXVariantGroup section */
		667C888C22344D21000AF082 /* LaunchScreen.storyboard */ = {
			isa = PBXVariantGroup;
			children = (
				667C888D22344D21000AF082 /* Base */,
			);
			name = LaunchScreen.storyboard;
			sourceTree = "<group>";
		};
/* End PBXVariantGroup section */

/* Begin XCBuildConfiguration section */
		667C88A622344D21000AF082 /* Debug */ = {
			isa = XCBuildConfiguration;
			buildSettings = {
				ALWAYS_SEARCH_USER_PATHS = NO;
				CLANG_ANALYZER_NONNULL = YES;
				CLANG_ANALYZER_NUMBER_OBJECT_CONVERSION = YES_AGGRESSIVE;
				CLANG_CXX_LANGUAGE_STANDARD = "gnu++14";
				CLANG_CXX_LIBRARY = "libc++";
				CLANG_ENABLE_MODULES = YES;
				CLANG_ENABLE_OBJC_ARC = YES;
				CLANG_ENABLE_OBJC_WEAK = YES;
				CLANG_WARN_BLOCK_CAPTURE_AUTORELEASING = YES;
				CLANG_WARN_BOOL_CONVERSION = YES;
				CLANG_WARN_COMMA = YES;
				CLANG_WARN_CONSTANT_CONVERSION = YES;
				CLANG_WARN_DEPRECATED_OBJC_IMPLEMENTATIONS = YES;
				CLANG_WARN_DIRECT_OBJC_ISA_USAGE = YES_ERROR;
				CLANG_WARN_DOCUMENTATION_COMMENTS = YES;
				CLANG_WARN_EMPTY_BODY = YES;
				CLANG_WARN_ENUM_CONVERSION = YES;
				CLANG_WARN_INFINITE_RECURSION = YES;
				CLANG_WARN_INT_CONVERSION = YES;
				CLANG_WARN_NON_LITERAL_NULL_CONVERSION = YES;
				CLANG_WARN_OBJC_IMPLICIT_RETAIN_SELF = YES;
				CLANG_WARN_OBJC_LITERAL_CONVERSION = YES;
				CLANG_WARN_OBJC_ROOT_CLASS = YES_ERROR;
				CLANG_WARN_RANGE_LOOP_ANALYSIS = YES;
				CLANG_WARN_STRICT_PROTOTYPES = YES;
				CLANG_WARN_SUSPICIOUS_MOVE = YES;
				CLANG_WARN_UNGUARDED_AVAILABILITY = YES_AGGRESSIVE;
				CLANG_WARN_UNREACHABLE_CODE = YES;
				CLANG_WARN__DUPLICATE_METHOD_MATCH = YES;
				CODE_SIGN_IDENTITY = "iPhone Developer";
				COPY_PHASE_STRIP = NO;
				DEBUG_INFORMATION_FORMAT = dwarf;
				ENABLE_STRICT_OBJC_MSGSEND = YES;
				ENABLE_TESTABILITY = YES;
				GCC_C_LANGUAGE_STANDARD = gnu11;
				GCC_DYNAMIC_NO_PIC = NO;
				GCC_NO_COMMON_BLOCKS = YES;
				GCC_OPTIMIZATION_LEVEL = 0;
				GCC_PREPROCESSOR_DEFINITIONS = (
					"DEBUG=1",
					"$(inherited)",
				);
				GCC_WARN_64_TO_32_BIT_CONVERSION = YES;
				GCC_WARN_ABOUT_RETURN_TYPE = YES_ERROR;
				GCC_WARN_UNDECLARED_SELECTOR = YES;
				GCC_WARN_UNINITIALIZED_AUTOS = YES_AGGRESSIVE;
				GCC_WARN_UNUSED_FUNCTION = YES;
				GCC_WARN_UNUSED_VARIABLE = YES;
				IPHONEOS_DEPLOYMENT_TARGET = 12.0;
				MTL_ENABLE_DEBUG_INFO = INCLUDE_SOURCE;
				MTL_FAST_MATH = YES;
				ONLY_ACTIVE_ARCH = YES;
				SDKROOT = iphoneos;
				SWIFT_ACTIVE_COMPILATION_CONDITIONS = DEBUG;
				SWIFT_OPTIMIZATION_LEVEL = "-Onone";
			};
			name = Debug;
		};
		667C88A722344D21000AF082 /* Release */ = {
			isa = XCBuildConfiguration;
			buildSettings = {
				ALWAYS_SEARCH_USER_PATHS = NO;
				CLANG_ANALYZER_NONNULL = YES;
				CLANG_ANALYZER_NUMBER_OBJECT_CONVERSION = YES_AGGRESSIVE;
				CLANG_CXX_LANGUAGE_STANDARD = "gnu++14";
				CLANG_CXX_LIBRARY = "libc++";
				CLANG_ENABLE_MODULES = YES;
				CLANG_ENABLE_OBJC_ARC = YES;
				CLANG_ENABLE_OBJC_WEAK = YES;
				CLANG_WARN_BLOCK_CAPTURE_AUTORELEASING = YES;
				CLANG_WARN_BOOL_CONVERSION = YES;
				CLANG_WARN_COMMA = YES;
				CLANG_WARN_CONSTANT_CONVERSION = YES;
				CLANG_WARN_DEPRECATED_OBJC_IMPLEMENTATIONS = YES;
				CLANG_WARN_DIRECT_OBJC_ISA_USAGE = YES_ERROR;
				CLANG_WARN_DOCUMENTATION_COMMENTS = YES;
				CLANG_WARN_EMPTY_BODY = YES;
				CLANG_WARN_ENUM_CONVERSION = YES;
				CLANG_WARN_INFINITE_RECURSION = YES;
				CLANG_WARN_INT_CONVERSION = YES;
				CLANG_WARN_NON_LITERAL_NULL_CONVERSION = YES;
				CLANG_WARN_OBJC_IMPLICIT_RETAIN_SELF = YES;
				CLANG_WARN_OBJC_LITERAL_CONVERSION = YES;
				CLANG_WARN_OBJC_ROOT_CLASS = YES_ERROR;
				CLANG_WARN_RANGE_LOOP_ANALYSIS = YES;
				CLANG_WARN_STRICT_PROTOTYPES = YES;
				CLANG_WARN_SUSPICIOUS_MOVE = YES;
				CLANG_WARN_UNGUARDED_AVAILABILITY = YES_AGGRESSIVE;
				CLANG_WARN_UNREACHABLE_CODE = YES;
				CLANG_WARN__DUPLICATE_METHOD_MATCH = YES;
				CODE_SIGN_IDENTITY = "iPhone Developer";
				COPY_PHASE_STRIP = NO;
				DEBUG_INFORMATION_FORMAT = "dwarf-with-dsym";
				ENABLE_NS_ASSERTIONS = NO;
				ENABLE_STRICT_OBJC_MSGSEND = YES;
				GCC_C_LANGUAGE_STANDARD = gnu11;
				GCC_NO_COMMON_BLOCKS = YES;
				GCC_WARN_64_TO_32_BIT_CONVERSION = YES;
				GCC_WARN_ABOUT_RETURN_TYPE = YES_ERROR;
				GCC_WARN_UNDECLARED_SELECTOR = YES;
				GCC_WARN_UNINITIALIZED_AUTOS = YES_AGGRESSIVE;
				GCC_WARN_UNUSED_FUNCTION = YES;
				GCC_WARN_UNUSED_VARIABLE = YES;
				IPHONEOS_DEPLOYMENT_TARGET = 12.0;
				MTL_ENABLE_DEBUG_INFO = NO;
				MTL_FAST_MATH = YES;
				SDKROOT = iphoneos;
				SWIFT_COMPILATION_MODE = wholemodule;
				SWIFT_OPTIMIZATION_LEVEL = "-O";
				VALIDATE_PRODUCT = YES;
			};
			name = Release;
		};
		667C88A922344D21000AF082 /* Debug */ = {
			isa = XCBuildConfiguration;
			baseConfigurationReference = 2E9251585F77F7BE783CB92F /* Pods-brewrec.debug.xcconfig */;
			buildSettings = {
				ASSETCATALOG_COMPILER_APPICON_NAME = AppIcon;
				CODE_SIGN_STYLE = Automatic;
				DEVELOPMENT_TEAM = S5BKPRD34X;
				INFOPLIST_FILE = brewrec/Info.plist;
				LD_RUNPATH_SEARCH_PATHS = (
					"$(inherited)",
					"@executable_path/Frameworks",
				);
				PRODUCT_BUNDLE_IDENTIFIER = com.danielm.brewrec;
				PRODUCT_NAME = "$(TARGET_NAME)";
				SWIFT_VERSION = 4.2;
				TARGETED_DEVICE_FAMILY = "1,2";
			};
			name = Debug;
		};
		667C88AA22344D21000AF082 /* Release */ = {
			isa = XCBuildConfiguration;
			baseConfigurationReference = 36E8EDD502F1445214288793 /* Pods-brewrec.release.xcconfig */;
			buildSettings = {
				ASSETCATALOG_COMPILER_APPICON_NAME = AppIcon;
				CODE_SIGN_STYLE = Automatic;
				DEVELOPMENT_TEAM = S5BKPRD34X;
				INFOPLIST_FILE = brewrec/Info.plist;
				LD_RUNPATH_SEARCH_PATHS = (
					"$(inherited)",
					"@executable_path/Frameworks",
				);
				PRODUCT_BUNDLE_IDENTIFIER = com.danielm.brewrec;
				PRODUCT_NAME = "$(TARGET_NAME)";
				SWIFT_VERSION = 4.2;
				TARGETED_DEVICE_FAMILY = "1,2";
			};
			name = Release;
		};
		667C88AC22344D21000AF082 /* Debug */ = {
			isa = XCBuildConfiguration;
			baseConfigurationReference = E0D7B12AA3099B7DE54B782A /* Pods-brewrecTests.debug.xcconfig */;
			buildSettings = {
				ALWAYS_EMBED_SWIFT_STANDARD_LIBRARIES = YES;
				BUNDLE_LOADER = "$(TEST_HOST)";
				CODE_SIGN_STYLE = Automatic;
				DEVELOPMENT_TEAM = S5BKPRD34X;
				INFOPLIST_FILE = brewrecTests/Info.plist;
				LD_RUNPATH_SEARCH_PATHS = (
					"$(inherited)",
					"@executable_path/Frameworks",
					"@loader_path/Frameworks",
				);
				PRODUCT_BUNDLE_IDENTIFIER = com.danielm.brewrecTests;
				PRODUCT_NAME = "$(TARGET_NAME)";
				SWIFT_VERSION = 4.2;
				TARGETED_DEVICE_FAMILY = "1,2";
				TEST_HOST = "$(BUILT_PRODUCTS_DIR)/brewrec.app/brewrec";
			};
			name = Debug;
		};
		667C88AD22344D21000AF082 /* Release */ = {
			isa = XCBuildConfiguration;
			baseConfigurationReference = 5105D13AB6719958C437C987 /* Pods-brewrecTests.release.xcconfig */;
			buildSettings = {
				ALWAYS_EMBED_SWIFT_STANDARD_LIBRARIES = YES;
				BUNDLE_LOADER = "$(TEST_HOST)";
				CODE_SIGN_STYLE = Automatic;
				DEVELOPMENT_TEAM = S5BKPRD34X;
				INFOPLIST_FILE = brewrecTests/Info.plist;
				LD_RUNPATH_SEARCH_PATHS = (
					"$(inherited)",
					"@executable_path/Frameworks",
					"@loader_path/Frameworks",
				);
				PRODUCT_BUNDLE_IDENTIFIER = com.danielm.brewrecTests;
				PRODUCT_NAME = "$(TARGET_NAME)";
				SWIFT_VERSION = 4.2;
				TARGETED_DEVICE_FAMILY = "1,2";
				TEST_HOST = "$(BUILT_PRODUCTS_DIR)/brewrec.app/brewrec";
			};
			name = Release;
		};
		667C88AF22344D21000AF082 /* Debug */ = {
			isa = XCBuildConfiguration;
			baseConfigurationReference = 91AAB66786E131E4F0158DF2 /* Pods-brewrecUITests.debug.xcconfig */;
			buildSettings = {
				ALWAYS_EMBED_SWIFT_STANDARD_LIBRARIES = YES;
				CODE_SIGN_STYLE = Automatic;
				DEVELOPMENT_TEAM = S5BKPRD34X;
				INFOPLIST_FILE = brewrecUITests/Info.plist;
				LD_RUNPATH_SEARCH_PATHS = (
					"$(inherited)",
					"@executable_path/Frameworks",
					"@loader_path/Frameworks",
				);
				PRODUCT_BUNDLE_IDENTIFIER = com.danielm.brewrecUITests;
				PRODUCT_NAME = "$(TARGET_NAME)";
				SWIFT_VERSION = 4.2;
				TARGETED_DEVICE_FAMILY = "1,2";
				TEST_TARGET_NAME = brewrec;
			};
			name = Debug;
		};
		667C88B022344D21000AF082 /* Release */ = {
			isa = XCBuildConfiguration;
			baseConfigurationReference = B17BF87160881E9B5F41CE2B /* Pods-brewrecUITests.release.xcconfig */;
			buildSettings = {
				ALWAYS_EMBED_SWIFT_STANDARD_LIBRARIES = YES;
				CODE_SIGN_STYLE = Automatic;
				DEVELOPMENT_TEAM = S5BKPRD34X;
				INFOPLIST_FILE = brewrecUITests/Info.plist;
				LD_RUNPATH_SEARCH_PATHS = (
					"$(inherited)",
					"@executable_path/Frameworks",
					"@loader_path/Frameworks",
				);
				PRODUCT_BUNDLE_IDENTIFIER = com.danielm.brewrecUITests;
				PRODUCT_NAME = "$(TARGET_NAME)";
				SWIFT_VERSION = 4.2;
				TARGETED_DEVICE_FAMILY = "1,2";
				TEST_TARGET_NAME = brewrec;
			};
			name = Release;
		};
/* End XCBuildConfiguration section */

/* Begin XCConfigurationList section */
		667C887B22344D1F000AF082 /* Build configuration list for PBXProject "brewrec" */ = {
			isa = XCConfigurationList;
			buildConfigurations = (
				667C88A622344D21000AF082 /* Debug */,
				667C88A722344D21000AF082 /* Release */,
			);
			defaultConfigurationIsVisible = 0;
			defaultConfigurationName = Release;
		};
		667C88A822344D21000AF082 /* Build configuration list for PBXNativeTarget "brewrec" */ = {
			isa = XCConfigurationList;
			buildConfigurations = (
				667C88A922344D21000AF082 /* Debug */,
				667C88AA22344D21000AF082 /* Release */,
			);
			defaultConfigurationIsVisible = 0;
			defaultConfigurationName = Release;
		};
		667C88AB22344D21000AF082 /* Build configuration list for PBXNativeTarget "brewrecTests" */ = {
			isa = XCConfigurationList;
			buildConfigurations = (
				667C88AC22344D21000AF082 /* Debug */,
				667C88AD22344D21000AF082 /* Release */,
			);
			defaultConfigurationIsVisible = 0;
			defaultConfigurationName = Release;
		};
		667C88AE22344D21000AF082 /* Build configuration list for PBXNativeTarget "brewrecUITests" */ = {
			isa = XCConfigurationList;
			buildConfigurations = (
				667C88AF22344D21000AF082 /* Debug */,
				667C88B022344D21000AF082 /* Release */,
			);
			defaultConfigurationIsVisible = 0;
			defaultConfigurationName = Release;
		};
/* End XCConfigurationList section */
	};
	rootObject = 667C887822344D1F000AF082 /* Project object */;
}
